
Microsoft Visual Studio Solution File, Format Version 12.00
# Visual Studio Version 17
VisualStudioVersion = 17.11.35312.102
MinimumVisualStudioVersion = 10.0.40219.1
Project("{FAE04EC0-301F-11D3-BF4B-00C04F79EFBC}") = "AspCoreWebApiCRUD", "AspCoreWebApiCRUD\AspCoreWebApiCRUD.csproj", "{B50005FC-FE22-493C-B938-E5D1E49D0327}"
EndProject
Global
	GlobalSection(SolutionConfigurationPlatforms) = preSolution
		Debug|Any CPU = Debug|Any CPU
		Release|Any CPU = Release|Any CPU
	EndGlobalSection
	GlobalSection(ProjectConfigurationPlatforms) = postSolution
		{B50005FC-FE22-493C-B938-E5D1E49D0327}.Debug|Any CPU.ActiveCfg = Debug|Any CPU
		{B50005FC-FE22-493C-B938-E5D1E49D0327}.Debug|Any CPU.Build.0 = Debug|Any CPU
		{B50005FC-FE22-493C-B938-E5D1E49D0327}.Release|Any CPU.ActiveCfg = Release|Any CPU
		{B50005FC-FE22-493C-B938-E5D1E49D0327}.Release|Any CPU.Build.0 = Release|Any CPU
	EndGlobalSection
	GlobalSection(SolutionProperties) = preSolution
		HideSolutionNode = FALSE
	EndGlobalSection
	GlobalSection(ExtensibilityGlobals) = postSolution
		SolutionGuid = {58CD907C-61EB-4861-AD29-F9B846259203}
	EndGlobalSection
EndGlobal
