
Microsoft Visual Studio Solution File, Format Version 12.00
# Visual Studio Version 17
VisualStudioVersion = 17.11.35312.102
MinimumVisualStudioVersion = 10.0.40219.1
Project("{FAE04EC0-301F-11D3-BF4B-00C04F79EFBC}") = "Methodfunctions", "Methodfunctions\Methodfunctions.csproj", "{B9F01C84-10A5-4454-8464-D742FB52947D}"
EndProject
Global
	GlobalSection(SolutionConfigurationPlatforms) = preSolution
		Debug|Any CPU = Debug|Any CPU
		Release|Any CPU = Release|Any CPU
	EndGlobalSection
	GlobalSection(ProjectConfigurationPlatforms) = postSolution
		{B9F01C84-10A5-4454-8464-D742FB52947D}.Debug|Any CPU.ActiveCfg = Debug|Any CPU
		{B9F01C84-10A5-4454-8464-D742FB52947D}.Debug|Any CPU.Build.0 = Debug|Any CPU
		{B9F01C84-10A5-4454-8464-D742FB52947D}.Release|Any CPU.ActiveCfg = Release|Any CPU
		{B9F01C84-10A5-4454-8464-D742FB52947D}.Release|Any CPU.Build.0 = Release|Any CPU
	EndGlobalSection
	GlobalSection(SolutionProperties) = preSolution
		HideSolutionNode = FALSE
	EndGlobalSection
	GlobalSection(ExtensibilityGlobals) = postSolution
		SolutionGuid = {D4873017-D681-46F7-BEB3-318AEEA5253B}
	EndGlobalSection
EndGlobal
