
Microsoft Visual Studio Solution File, Format Version 12.00
# Visual Studio Version 17
VisualStudioVersion = 17.11.35312.102
MinimumVisualStudioVersion = 10.0.40219.1
Project("{FAE04EC0-301F-11D3-BF4B-00C04F79EFBC}") = "ItemCodeManagement", "ItemCodeManagement\ItemCodeManagement.csproj", "{D5BA6068-A3EB-4B54-A88B-ABD927325381}"
EndProject
Global
	GlobalSection(SolutionConfigurationPlatforms) = preSolution
		Debug|Any CPU = Debug|Any CPU
		Release|Any CPU = Release|Any CPU
	EndGlobalSection
	GlobalSection(ProjectConfigurationPlatforms) = postSolution
		{D5BA6068-A3EB-4B54-A88B-ABD927325381}.Debug|Any CPU.ActiveCfg = Debug|Any CPU
		{D5BA6068-A3EB-4B54-A88B-ABD927325381}.Debug|Any CPU.Build.0 = Debug|Any CPU
		{D5BA6068-A3EB-4B54-A88B-ABD927325381}.Release|Any CPU.ActiveCfg = Release|Any CPU
		{D5BA6068-A3EB-4B54-A88B-ABD927325381}.Release|Any CPU.Build.0 = Release|Any CPU
	EndGlobalSection
	GlobalSection(SolutionProperties) = preSolution
		HideSolutionNode = FALSE
	EndGlobalSection
	GlobalSection(ExtensibilityGlobals) = postSolution
		SolutionGuid = {A548BFF3-3307-414D-B5DF-8BFD2FBF24D5}
	EndGlobalSection
EndGlobal
